<?xml version="1.0" encoding="UTF-8" standalone="yes" ?>
<CodeBlocks_project_file>
	<FileVersion major="1" minor="6" />
	<Project>
		<Option title="Sonimod" />
		<Option pch_mode="2" />
		<Option compiler="gcc" />
		<Build>
			<Target title="Debug">
				<Option output="bin/Debug/Sonimod" prefix_auto="1" extension_auto="1" />
				<Option object_output="obj/Debug/" />
				<Option type="1" />
				<Option compiler="gcc" />
				<Compiler>
					<Add option="-g" />
					<Add directory="include/ui" />
					<Add directory="include/models" />
					<Add directory="include/reposatory" />
					<Add directory="include/domain" />
					<Add directory="include/exceptions" />
					<Add directory="include/exception" />
				</Compiler>
			</Target>
			<Target title="Release">
				<Option output="bin/Release/Sonimod" prefix_auto="1" extension_auto="1" />
				<Option object_output="obj/Release/" />
				<Option type="1" />
				<Option compiler="gcc" />
				<Compiler>
					<Add option="-O2" />
					<Add directory="include/ui" />
					<Add directory="include/models" />
					<Add directory="include/domain" />
					<Add directory="include/reposatory" />
					<Add directory="include/exceptions" />
					<Add directory="include/exception" />
				</Compiler>
				<Linker>
					<Add option="-s" />
				</Linker>
			</Target>
		</Build>
		<Compiler>
			<Add option="-Wall" />
			<Add option="-fexceptions" />
		</Compiler>
		<Unit filename="include/domain/BakerDomain.h" />
		<Unit filename="include/domain/DeliveryDomain.h" />
		<Unit filename="include/domain/ManagerDomain.h" />
		<Unit filename="include/domain/SalesDomain.h" />
		<Unit filename="include/exception/BranchNotAvailableException.h" />
		<Unit filename="include/exception/CrustNotAvailableException.h" />
		<Unit filename="include/exception/DrinkNotAvaliableException.h" />
		<Unit filename="include/exception/InvalidNameException.h" />
		<Unit filename="include/exception/InvalidPhoneNumberException.h" />
		<Unit filename="include/exception/SideDishNotAvailableException.h" />
		<Unit filename="include/exception/SizeNotAvaliableException.h" />
		<Unit filename="include/exception/ToppingNotAvailableException.h" />
		<Unit filename="include/exception/invalidPhoneNumberExeption.h" />
		<Unit filename="include/exceptions/BranchExistsException.h" />
		<Unit filename="include/exceptions/CrustChangedException.h" />
		<Unit filename="include/exceptions/DrinkChangedException.h" />
<<<<<<< HEAD
		<Unit filename="include/exceptions/PizzaChangedException.h" />
=======
		<Unit filename="include/exceptions/DrinkNotAvailableException.h" />
>>>>>>> f3d382743b08c94d46f72a80f62fc4cf5cfdb84e
		<Unit filename="include/exceptions/SidedishChangedException.h" />
		<Unit filename="include/exceptions/SizeNotAvailableException.h" />
		<Unit filename="include/exceptions/ToppingChangedException.h" />
		<Unit filename="include/models/Branch.h" />
		<Unit filename="include/models/Crust.h" />
		<Unit filename="include/models/Drink.h" />
		<Unit filename="include/models/Order.h" />
		<Unit filename="include/models/Pizza.h" />
		<Unit filename="include/models/Sidedish.h" />
		<Unit filename="include/models/Topping.h" />
		<Unit filename="include/reposatory/BakerRep.h" />
		<Unit filename="include/reposatory/DeliveryRep.h" />
		<Unit filename="include/reposatory/ManagerRep.h" />
		<Unit filename="include/reposatory/SalesRep.h" />
		<Unit filename="include/ui/BakerUI.h" />
		<Unit filename="include/ui/DeliveryUI.h" />
		<Unit filename="include/ui/MainUI.h" />
		<Unit filename="include/ui/ManagerUI.h" />
		<Unit filename="include/ui/SalesUI.h" />
		<Unit filename="main.cpp" />
		<Unit filename="src/domain/BakerDomain.cpp" />
		<Unit filename="src/domain/DeliveryDomain.cpp" />
		<Unit filename="src/domain/ManagerDomain.cpp" />
		<Unit filename="src/domain/SalesDomain.cpp" />
		<Unit filename="src/exception/BranchNotAvailableException.cpp" />
		<Unit filename="src/exception/CrustNotAvailableException.cpp" />
		<Unit filename="src/exception/DrinkNotAvaliableException.cpp" />
		<Unit filename="src/exception/InvalidNameException.cpp" />
		<Unit filename="src/exception/InvalidPhoneNumberException.cpp" />
		<Unit filename="src/exception/SideDishNotAvailableException.cpp" />
		<Unit filename="src/exception/SizeNotAvaliableException.cpp" />
		<Unit filename="src/exception/ToppingNotAvailableException.cpp" />
		<Unit filename="src/exception/invalidPhoneNumberExeption.cpp" />
		<Unit filename="src/exceptions/BranchExistsException.cpp" />
		<Unit filename="src/exceptions/CrustChangedException.cpp" />
		<Unit filename="src/exceptions/DrinkChangedException.cpp" />
<<<<<<< HEAD
		<Unit filename="src/exceptions/PizzaChangedException.cpp" />
=======
		<Unit filename="src/exceptions/DrinkNotAvailableException.cpp" />
>>>>>>> f3d382743b08c94d46f72a80f62fc4cf5cfdb84e
		<Unit filename="src/exceptions/SidedishChangedException.cpp" />
		<Unit filename="src/exceptions/SizeNotAvailableException.cpp" />
		<Unit filename="src/exceptions/ToppingChangedException.cpp" />
		<Unit filename="src/models/Branch.cpp" />
		<Unit filename="src/models/Crust.cpp" />
		<Unit filename="src/models/Drink.cpp" />
		<Unit filename="src/models/Order.cpp" />
		<Unit filename="src/models/Pizza.cpp" />
		<Unit filename="src/models/Sidedish.cpp" />
		<Unit filename="src/models/Topping.cpp" />
		<Unit filename="src/reposatory/BakerRep.cpp" />
		<Unit filename="src/reposatory/DeliveryRep.cpp" />
		<Unit filename="src/reposatory/ManagerRep.cpp" />
		<Unit filename="src/reposatory/SalesRep.cpp" />
		<Unit filename="src/ui/BakerUI.cpp" />
		<Unit filename="src/ui/DeliveryUI.cpp" />
		<Unit filename="src/ui/MainUI.cpp" />
		<Unit filename="src/ui/ManagerUI.cpp" />
		<Unit filename="src/ui/SalesUI.cpp" />
		<Extensions>
			<code_completion />
			<envvars />
			<debugger />
		</Extensions>
	</Project>
</CodeBlocks_project_file>
