<?xml version="1.0" encoding="UTF-8" standalone="yes" ?>
<CodeBlocks_project_file>
	<FileVersion major="1" minor="6" />
	<Project>
		<Option title="Sonimod" />
		<Option pch_mode="2" />
		<Option compiler="gcc" />
		<Build>
			<Target title="Debug">
				<Option output="bin/Debug/Sonimod" prefix_auto="1" extension_auto="1" />
				<Option object_output="obj/Debug/" />
				<Option type="1" />
				<Option compiler="gcc" />
				<Compiler>
					<Add option="-g" />
					<Add directory="include/ui" />
					<Add directory="include/models" />
					<Add directory="include/reposatory" />
					<Add directory="include/domain" />
					<Add directory="include/exceptions" />
				</Compiler>
			</Target>
			<Target title="Release">
				<Option output="bin/Release/Sonimod" prefix_auto="1" extension_auto="1" />
				<Option object_output="obj/Release/" />
				<Option type="1" />
				<Option compiler="gcc" />
				<Compiler>
					<Add option="-O2" />
					<Add directory="include/ui" />
					<Add directory="include/models" />
					<Add directory="include/domain" />
					<Add directory="include/reposatory" />
					<Add directory="include/exceptions" />
				</Compiler>
				<Linker>
					<Add option="-s" />
				</Linker>
			</Target>
		</Build>
		<Compiler>
			<Add option="-Wall" />
			<Add option="-fexceptions" />
		</Compiler>
		<Unit filename="include/domain/BakerDomain.h" />
		<Unit filename="include/domain/DeliveryDomain.h" />
		<Unit filename="include/domain/MainDomain.h" />
		<Unit filename="include/domain/ManagerDomain.h" />
		<Unit filename="include/domain/SalesDomain.h" />
		<Unit filename="include/exceptions/AlreadyMarkedException.h" />
		<Unit filename="include/exceptions/AlreadyMarkedInProcess.h" />
		<Unit filename="include/exceptions/InvalidInputException.h" />
		<Unit filename="include/exceptions/ItemChangedException.h" />
		<Unit filename="include/exceptions/ItemExistsException.h" />
		<Unit filename="include/exceptions/LengthNotRightException.h" />
		<Unit filename="include/exceptions/MarkedInProcessException.h" />
		<Unit filename="include/exceptions/MarkedPaidForException.h" />
		<Unit filename="include/exceptions/MarkedReadyException.h" />
		<Unit filename="include/exceptions/NotFoundException.h" />
		<Unit filename="include/exceptions/NotMarkedInProgress.h" />
		<Unit filename="include/exceptions/NotMarkedInProgressException.h" />
		<Unit filename="include/exceptions/NotMarkedPaidForException.h" />
		<Unit filename="include/exceptions/NotMarkedReadyException.h" />
		<Unit filename="include/models/Branch.h" />
		<Unit filename="include/models/Crust.h" />
		<Unit filename="include/models/Drink.h" />
		<Unit filename="include/models/Order.h" />
		<Unit filename="include/models/Pizza.h" />
		<Unit filename="include/models/Sidedish.h" />
		<Unit filename="include/models/Topping.h" />
		<Unit filename="include/models/User.h" />
		<Unit filename="include/reposatory/BakerRep.h" />
		<Unit filename="include/reposatory/DeliveryRep.h" />
		<Unit filename="include/reposatory/MainRep.h" />
		<Unit filename="include/reposatory/ManagerRep.h" />
		<Unit filename="include/reposatory/SalesRep.h" />
		<Unit filename="include/ui/BakerUI.h" />
		<Unit filename="include/ui/DeliveryUI.h" />
		<Unit filename="include/ui/MainUI.h" />
		<Unit filename="include/ui/ManagerUI.h" />
		<Unit filename="include/ui/SalesUI.h" />
		<Unit filename="main.cpp" />
		<Unit filename="src/domain/BakerDomain.cpp" />
		<Unit filename="src/domain/DeliveryDomain.cpp" />
		<Unit filename="src/domain/MainDomain.cpp" />
		<Unit filename="src/domain/ManagerDomain.cpp" />
		<Unit filename="src/domain/SalesDomain.cpp" />
		<Unit filename="src/exceptions/AlreadyMarkedException.cpp" />
		<Unit filename="src/exceptions/AlreadyMarkedInProcess.cpp" />
		<Unit filename="src/exceptions/InvalidInputException.cpp" />
		<Unit filename="src/exceptions/ItemChangedException.cpp" />
		<Unit filename="src/exceptions/ItemExistsException.cpp" />
		<Unit filename="src/exceptions/LengthNotRightException.cpp" />
		<Unit filename="src/exceptions/MarkedInProcessException.cpp" />
		<Unit filename="src/exceptions/MarkedPaidForException.cpp" />
		<Unit filename="src/exceptions/MarkedReadyException.cpp" />
		<Unit filename="src/exceptions/NotFoundException.cpp" />
		<Unit filename="src/exceptions/NotMarkedInProgress.cpp" />
		<Unit filename="src/exceptions/NotMarkedInProgressException.cpp" />
		<Unit filename="src/exceptions/NotMarkedPaidForException.cpp" />
		<Unit filename="src/exceptions/NotMarkedReadyException.cpp" />
		<Unit filename="src/models/Branch.cpp" />
		<Unit filename="src/models/Crust.cpp" />
		<Unit filename="src/models/Drink.cpp" />
		<Unit filename="src/models/Order.cpp" />
		<Unit filename="src/models/Pizza.cpp" />
		<Unit filename="src/models/Sidedish.cpp" />
		<Unit filename="src/models/Topping.cpp" />
		<Unit filename="src/models/User.cpp" />
		<Unit filename="src/reposatory/BakerRep.cpp" />
		<Unit filename="src/reposatory/DeliveryRep.cpp" />
		<Unit filename="src/reposatory/MainRep.cpp" />
		<Unit filename="src/reposatory/ManagerRep.cpp" />
		<Unit filename="src/reposatory/SalesRep.cpp" />
		<Unit filename="src/ui/BakerUI.cpp" />
		<Unit filename="src/ui/DeliveryUI.cpp" />
		<Unit filename="src/ui/MainUI.cpp" />
		<Unit filename="src/ui/ManagerUI.cpp" />
		<Unit filename="src/ui/SalesUI.cpp" />
		<Extensions>
			<code_completion />
			<envvars />
			<debugger />
		</Extensions>
	</Project>
</CodeBlocks_project_file>
